
Microsoft Visual Studio Solution File, Format Version 12.00
# Visual Studio Version 17
VisualStudioVersion = 17.1.32421.90
MinimumVisualStudioVersion = 10.0.40219.1
Project("{8BC9CEB8-8B4A-11D0-8D11-00A0C91BC942}") = "GameWithoutGameEngine", "GameWithoutGameEngine\GameWithoutGameEngine.vcxproj", "{DCDFA170-FEF3-456D-8417-8BB1AB1FCEE3}"
EndProject
Global
	GlobalSection(SolutionConfigurationPlatforms) = preSolution
		Debug|x64 = Debug|x64
		Debug|x86 = Debug|x86
		Release|x64 = Release|x64
		Release|x86 = Release|x86
	EndGlobalSection
	GlobalSection(ProjectConfigurationPlatforms) = postSolution
		{DCDFA170-FEF3-456D-8417-8BB1AB1FCEE3}.Debug|x64.ActiveCfg = Debug|x64
		{DCDFA170-FEF3-456D-8417-8BB1AB1FCEE3}.Debug|x64.Build.0 = Debug|x64
		{DCDFA170-FEF3-456D-8417-8BB1AB1FCEE3}.Debug|x86.ActiveCfg = Debug|Win32
		{DCDFA170-FEF3-456D-8417-8BB1AB1FCEE3}.Debug|x86.Build.0 = Debug|Win32
		{DCDFA170-FEF3-456D-8417-8BB1AB1FCEE3}.Release|x64.ActiveCfg = Release|x64
		{DCDFA170-FEF3-456D-8417-8BB1AB1FCEE3}.Release|x64.Build.0 = Release|x64
		{DCDFA170-FEF3-456D-8417-8BB1AB1FCEE3}.Release|x86.ActiveCfg = Release|Win32
		{DCDFA170-FEF3-456D-8417-8BB1AB1FCEE3}.Release|x86.Build.0 = Release|Win32
	EndGlobalSection
	GlobalSection(SolutionProperties) = preSolution
		HideSolutionNode = FALSE
	EndGlobalSection
	GlobalSection(ExtensibilityGlobals) = postSolution
		SolutionGuid = {347C21A0-6D2B-4117-829C-0FBABDC895E0}
	EndGlobalSection
EndGlobal
